# This file was autogenerated by Stack.
# You should not edit this file by hand.
# For more information, please see the documentation at:
#   https://docs.haskellstack.org/en/stable/lock_files

packages:
- completed:
    name: amazonka-core
    pantry-tree:
      sha256: 666a1da17211b80ea463c921ac0197aa784408d66e2629df700e3dccc7dd0de0
      size: 3222
    sha256: 562e8f8bf38e6c50016b295197bf059cc0592dc96fc0b4df5f84d01d9ce3a1f3
    size: 34764493
    subdir: lib/amazonka-core
    url: https://github.com/chreekat/amazonka/archive/b/r2-compat.tar.gz
    version: '2.0'
  original:
    subdir: lib/amazonka-core
    url: https://github.com/chreekat/amazonka/archive/b/r2-compat.tar.gz
snapshots:
- completed:
    sha256: 8b211c5a6aad3787e023dfddaf7de7868968e4f240ecedf14ad1c5b2199046ca
    size: 714097
    url: https://raw.githubusercontent.com/commercialhaskell/stackage-snapshots/master/lts/22/4.yaml
  original: lts-22.4
